// !$*UTF8*$!
{
	archiveVersion = 1;
	classes = {
	};
	objectVersion = 46;
	objects = {

/* Begin PBXBuildFile section */
		03110CEE20D2069F00F4B44B /* deferred.framework in Embed Frameworks */ = {isa = PBXBuildFile; fileRef = 03B4E06D1C14003B00F4B44B /* deferred.framework */; settings = {ATTRIBUTES = (CodeSignOnCopy, RemoveHeadersOnCopy, ); }; };
		032F0AA91E4454D600F4B44B /* DeletionTests.swift in Sources */ = {isa = PBXBuildFile; fileRef = 038147591E4138BA00F4B44B /* DeletionTests.swift */; };
		033928191F8C099700F4B44B /* deferred-first.swift in Sources */ = {isa = PBXBuildFile; fileRef = 033928181F8C099700F4B44B /* deferred-first.swift */; };
		0350E0C22295D11A00F4B44B /* DeallocTBD.swift in Sources */ = {isa = PBXBuildFile; fileRef = 038C1A59229343C000F4B44B /* DeallocTBD.swift */; };
		0350E0EA2295FF6900F4B44B /* AlignmentTests.swift in Sources */ = {isa = PBXBuildFile; fileRef = 0350E0E22295FF6900F4B44B /* AlignmentTests.swift */; };
		0350E0EB2295FF6900F4B44B /* AlignmentTests.swift in Sources */ = {isa = PBXBuildFile; fileRef = 0350E0E22295FF6900F4B44B /* AlignmentTests.swift */; };
		0358CBDD2153109600F4B44B /* Outcome.framework in Frameworks */ = {isa = PBXBuildFile; fileRef = 0358CBDA2153107C00F4B44B /* Outcome.framework */; };
		0358CBDE2153109F00F4B44B /* Outcome.framework in Frameworks */ = {isa = PBXBuildFile; fileRef = 0358CBDA2153107C00F4B44B /* Outcome.framework */; };
		0358CBDF2153109F00F4B44B /* Outcome.framework in Embed Frameworks */ = {isa = PBXBuildFile; fileRef = 0358CBDA2153107C00F4B44B /* Outcome.framework */; settings = {ATTRIBUTES = (CodeSignOnCopy, RemoveHeadersOnCopy, ); }; };
		035D0C151D84A8DB00F4B44B /* deferred-combine.swift in Sources */ = {isa = PBXBuildFile; fileRef = 035D0C0D1D84A8DB00F4B44B /* deferred-combine.swift */; };
		035D0C171D84A8DB00F4B44B /* deferred-error.swift in Sources */ = {isa = PBXBuildFile; fileRef = 035D0C0E1D84A8DB00F4B44B /* deferred-error.swift */; };
		035D0C191D84A8DB00F4B44B /* deferred-extras.swift in Sources */ = {isa = PBXBuildFile; fileRef = 035D0C0F1D84A8DB00F4B44B /* deferred-extras.swift */; };
		035D0C1B1D84A8DB00F4B44B /* deferred-parallelize.swift in Sources */ = {isa = PBXBuildFile; fileRef = 035D0C101D84A8DB00F4B44B /* deferred-parallelize.swift */; };
		035D0C1D1D84A8DB00F4B44B /* deferred.swift in Sources */ = {isa = PBXBuildFile; fileRef = 035D0C111D84A8DB00F4B44B /* deferred.swift */; };
		035D0C231D84A8DB00F4B44B /* waiter.swift in Sources */ = {isa = PBXBuildFile; fileRef = 035D0C141D84A8DB00F4B44B /* waiter.swift */; };
		0366AE561DF0FEC400F4B44B /* DeferredTests.swift in Sources */ = {isa = PBXBuildFile; fileRef = 0366AE501DF0FEC400F4B44B /* DeferredTests.swift */; };
		0366AE5A1DF0FEC400F4B44B /* TBDTests.swift in Sources */ = {isa = PBXBuildFile; fileRef = 0366AE521DF0FEC400F4B44B /* TBDTests.swift */; };
		0366AE5C1DF0FEC400F4B44B /* TBDTimingTests.swift in Sources */ = {isa = PBXBuildFile; fileRef = 0366AE531DF0FEC400F4B44B /* TBDTimingTests.swift */; };
		0366AE5E1DF0FEC400F4B44B /* TestError.swift in Sources */ = {isa = PBXBuildFile; fileRef = 0366AE541DF0FEC400F4B44B /* TestError.swift */; };
		03857DB81F55C3DE00F4B44B /* deferred-timing.swift in Sources */ = {isa = PBXBuildFile; fileRef = 03857DB71F55C3DE00F4B44B /* deferred-timing.swift */; };
		038C1A5A229343C000F4B44B /* DeallocTBD.swift in Sources */ = {isa = PBXBuildFile; fileRef = 038C1A59229343C000F4B44B /* DeallocTBD.swift */; };
		038CB65620DC637600F4B44B /* CAtomics.framework in Frameworks */ = {isa = PBXBuildFile; fileRef = 038CB64F20DC636D00F4B44B /* CAtomics.framework */; };
		038CB65920DC639400F4B44B /* CAtomics.framework in Frameworks */ = {isa = PBXBuildFile; fileRef = 038CB64F20DC636D00F4B44B /* CAtomics.framework */; };
		038CB65A20DC63A500F4B44B /* CAtomics.framework in Embed Frameworks */ = {isa = PBXBuildFile; fileRef = 038CB64F20DC636D00F4B44B /* CAtomics.framework */; settings = {ATTRIBUTES = (CodeSignOnCopy, RemoveHeadersOnCopy, ); }; };
		038CB65D20DC63CB00F4B44B /* CAtomics.framework in Frameworks */ = {isa = PBXBuildFile; fileRef = 038CB64F20DC636D00F4B44B /* CAtomics.framework */; };
		0393E8CD2285E7FE00F4B44B /* DeferredSelectionTests.swift in Sources */ = {isa = PBXBuildFile; fileRef = 03CB9823227BBECD00F4B44B /* DeferredSelectionTests.swift */; };
		039E18411DFF621300F4B44B /* nzRandom.swift in Sources */ = {isa = PBXBuildFile; fileRef = 0374DFB01DFF5BD800F4B44B /* nzRandom.swift */; };
		03AA21741E3FF9D600F4B44B /* DeferredCombinationTests.swift in Sources */ = {isa = PBXBuildFile; fileRef = 03AA21731E3FF9D600F4B44B /* DeferredCombinationTests.swift */; };
		03B4337120CAF2C600F4B44B /* TBDTimingTests.swift in Sources */ = {isa = PBXBuildFile; fileRef = 0366AE531DF0FEC400F4B44B /* TBDTimingTests.swift */; };
		03B4E0771C14003C00F4B44B /* deferred.framework in Frameworks */ = {isa = PBXBuildFile; fileRef = 03B4E06D1C14003B00F4B44B /* deferred.framework */; };
		03B7767E20CAECFB00F4B44B /* AppDelegate.swift in Sources */ = {isa = PBXBuildFile; fileRef = 03B7767D20CAECFB00F4B44B /* AppDelegate.swift */; };
		03B7768020CAECFB00F4B44B /* ViewController.swift in Sources */ = {isa = PBXBuildFile; fileRef = 03B7767F20CAECFB00F4B44B /* ViewController.swift */; };
		03B7768320CAECFB00F4B44B /* Main.storyboard in Resources */ = {isa = PBXBuildFile; fileRef = 03B7768120CAECFB00F4B44B /* Main.storyboard */; };
		03B7768520CAECFC00F4B44B /* Assets.xcassets in Resources */ = {isa = PBXBuildFile; fileRef = 03B7768420CAECFC00F4B44B /* Assets.xcassets */; };
		03B7768820CAECFC00F4B44B /* LaunchScreen.storyboard in Resources */ = {isa = PBXBuildFile; fileRef = 03B7768620CAECFC00F4B44B /* LaunchScreen.storyboard */; };
		03B7769B20CAED1C00F4B44B /* DeferredTests.swift in Sources */ = {isa = PBXBuildFile; fileRef = 0366AE501DF0FEC400F4B44B /* DeferredTests.swift */; };
		03B7769C20CAED1C00F4B44B /* DeferredCombinationTests.swift in Sources */ = {isa = PBXBuildFile; fileRef = 03AA21731E3FF9D600F4B44B /* DeferredCombinationTests.swift */; };
		03B7769D20CAED1C00F4B44B /* DeletionTests.swift in Sources */ = {isa = PBXBuildFile; fileRef = 038147591E4138BA00F4B44B /* DeletionTests.swift */; };
		03B7769E20CAED1C00F4B44B /* TBDTests.swift in Sources */ = {isa = PBXBuildFile; fileRef = 0366AE521DF0FEC400F4B44B /* TBDTests.swift */; };
		03B776A220CAED1C00F4B44B /* TestError.swift in Sources */ = {isa = PBXBuildFile; fileRef = 0366AE541DF0FEC400F4B44B /* TestError.swift */; };
		03B776A320CAED1C00F4B44B /* nzRandom.swift in Sources */ = {isa = PBXBuildFile; fileRef = 0374DFB01DFF5BD800F4B44B /* nzRandom.swift */; };
		03B776A420CAED2F00F4B44B /* deferred.framework in Frameworks */ = {isa = PBXBuildFile; fileRef = 03B4E06D1C14003B00F4B44B /* deferred.framework */; };
		03BBDB1021EFDBBF00F4B44B /* URLSessionTests.swift in Sources */ = {isa = PBXBuildFile; fileRef = 0366AE551DF0FEC400F4B44B /* URLSessionTests.swift */; };
		03BBDB1821EFDBDD00F4B44B /* nsurlsession.swift in Sources */ = {isa = PBXBuildFile; fileRef = 035D0C121D84A8DB00F4B44B /* nsurlsession.swift */; };
		03C599182176A18400F4B44B /* CurrentQoS.framework in Frameworks */ = {isa = PBXBuildFile; fileRef = 03C599152176A17600F4B44B /* CurrentQoS.framework */; };
		03CB9824227BBECD00F4B44B /* DeferredSelectionTests.swift in Sources */ = {isa = PBXBuildFile; fileRef = 03CB9823227BBECD00F4B44B /* DeferredSelectionTests.swift */; };
		03D59CB41F7B6CB900F4B44B /* outcome.swift in Sources */ = {isa = PBXBuildFile; fileRef = 03D59CB31F7B6CB900F4B44B /* outcome.swift */; };
		03D5D78A1E52339C00F4B44B /* dispatch-utilities.swift in Sources */ = {isa = PBXBuildFile; fileRef = 03D5D7891E52339C00F4B44B /* dispatch-utilities.swift */; };
		03D951E22267B20400F4B44B /* outcome.swift in Sources */ = {isa = PBXBuildFile; fileRef = 03D951DA2267B20400F4B44B /* outcome.swift */; };
		03D951E32267B24900F4B44B /* outcome.swift in Sources */ = {isa = PBXBuildFile; fileRef = 03D951DA2267B20400F4B44B /* outcome.swift */; };
		03DBD0242205039600F4B44B /* deferred-split.swift in Sources */ = {isa = PBXBuildFile; fileRef = 03DBD0232205039600F4B44B /* deferred-split.swift */; };
		03E4DF5D21FC01E800F4B44B /* URLSessionTests.swift in Sources */ = {isa = PBXBuildFile; fileRef = 0366AE551DF0FEC400F4B44B /* URLSessionTests.swift */; };
		03E9756B20D2050100F4B44B /* deferred.framework in Frameworks */ = {isa = PBXBuildFile; fileRef = 03B4E06D1C14003B00F4B44B /* deferred.framework */; };
		03FC96F721779E1500F4B44B /* CurrentQoS.framework in Frameworks */ = {isa = PBXBuildFile; fileRef = 03C599152176A17600F4B44B /* CurrentQoS.framework */; };
		03FC96F821779E2800F4B44B /* CurrentQoS.framework in Embed Frameworks */ = {isa = PBXBuildFile; fileRef = 03C599152176A17600F4B44B /* CurrentQoS.framework */; settings = {ATTRIBUTES = (CodeSignOnCopy, RemoveHeadersOnCopy, ); }; };
		03FC96FD21779E4200F4B44B /* CurrentQoS.framework in Frameworks */ = {isa = PBXBuildFile; fileRef = 03C599152176A17600F4B44B /* CurrentQoS.framework */; };
		03FC96FE21779E4200F4B44B /* Outcome.framework in Frameworks */ = {isa = PBXBuildFile; fileRef = 0358CBDA2153107C00F4B44B /* Outcome.framework */; };
/* End PBXBuildFile section */

/* Begin PBXContainerItemProxy section */
		03110CEA20D2065900F4B44B /* PBXContainerItemProxy */ = {
			isa = PBXContainerItemProxy;
			containerPortal = 03E60E231AAA571100F4B44B /* Project object */;
			proxyType = 1;
			remoteGlobalIDString = 03B4E06C1C14003B00F4B44B;
			remoteInfo = deferred;
		};
		0358CBD92153107C00F4B44B /* PBXContainerItemProxy */ = {
			isa = PBXContainerItemProxy;
			containerPortal = 0358CBD42153107C00F4B44B /* Outcome.xcodeproj */;
			proxyType = 2;
			remoteGlobalIDString = 0312008C2152C95100F4B44B;
			remoteInfo = Outcome;
		};
		0358CBDB2153107C00F4B44B /* PBXContainerItemProxy */ = {
			isa = PBXContainerItemProxy;
			containerPortal = 0358CBD42153107C00F4B44B /* Outcome.xcodeproj */;
			proxyType = 2;
			remoteGlobalIDString = 031200952152C95100F4B44B;
			remoteInfo = OutcomeTests;
		};
		0358CBE02153109F00F4B44B /* PBXContainerItemProxy */ = {
			isa = PBXContainerItemProxy;
			containerPortal = 0358CBD42153107C00F4B44B /* Outcome.xcodeproj */;
			proxyType = 1;
			remoteGlobalIDString = 03CD0E10217A463700F4B44B;
			remoteInfo = Outcome;
		};
		038CB64720DC636D00F4B44B /* PBXContainerItemProxy */ = {
			isa = PBXContainerItemProxy;
			containerPortal = 030A0C7820CB48DF00F4B44B /* Atomics.xcodeproj */;
			proxyType = 1;
			remoteGlobalIDString = 031CA35C20DBDCAD00F4B44B;
			remoteInfo = CAtomics;
		};
		038CB64E20DC636D00F4B44B /* PBXContainerItemProxy */ = {
			isa = PBXContainerItemProxy;
			containerPortal = 030A0C7820CB48DF00F4B44B /* Atomics.xcodeproj */;
			proxyType = 2;
			remoteGlobalIDString = 031CA35D20DBDCAD00F4B44B;
			remoteInfo = CAtomics;
		};
		038CB65020DC636D00F4B44B /* PBXContainerItemProxy */ = {
			isa = PBXContainerItemProxy;
			containerPortal = 030A0C7820CB48DF00F4B44B /* Atomics.xcodeproj */;
			proxyType = 2;
			remoteGlobalIDString = 031CA36520DBDCAE00F4B44B;
			remoteInfo = CAtomicsTests;
		};
		038CB65220DC636D00F4B44B /* PBXContainerItemProxy */ = {
			isa = PBXContainerItemProxy;
			containerPortal = 030A0C7820CB48DF00F4B44B /* Atomics.xcodeproj */;
			proxyType = 2;
			remoteGlobalIDString = 0382B62620DC4A2B00F4B44B;
			remoteInfo = AtomicsTestApp;
		};
		038CB65420DC636D00F4B44B /* PBXContainerItemProxy */ = {
			isa = PBXContainerItemProxy;
			containerPortal = 030A0C7820CB48DF00F4B44B /* Atomics.xcodeproj */;
			proxyType = 2;
			remoteGlobalIDString = 0382B63920DC4A2D00F4B44B;
			remoteInfo = AtomicsTestAppTests;
		};
		038CB65720DC638E00F4B44B /* PBXContainerItemProxy */ = {
			isa = PBXContainerItemProxy;
			containerPortal = 030A0C7820CB48DF00F4B44B /* Atomics.xcodeproj */;
			proxyType = 1;
			remoteGlobalIDString = 031CA35C20DBDCAD00F4B44B;
			remoteInfo = CAtomics;
		};
		038CB65B20DC63C500F4B44B /* PBXContainerItemProxy */ = {
			isa = PBXContainerItemProxy;
			containerPortal = 030A0C7820CB48DF00F4B44B /* Atomics.xcodeproj */;
			proxyType = 1;
			remoteGlobalIDString = 031CA35C20DBDCAD00F4B44B;
			remoteInfo = CAtomics;
		};
		0393E8D32285E7FE00F4B44B /* PBXContainerItemProxy */ = {
			isa = PBXContainerItemProxy;
			containerPortal = 030A0C7820CB48DF00F4B44B /* Atomics.xcodeproj */;
			proxyType = 2;
			remoteGlobalIDString = 031CA33E20DBDC0400F4B44B;
			remoteInfo = SwiftAtomics;
		};
		0393E8D52285E7FE00F4B44B /* PBXContainerItemProxy */ = {
			isa = PBXContainerItemProxy;
			containerPortal = 030A0C7820CB48DF00F4B44B /* Atomics.xcodeproj */;
			proxyType = 2;
			remoteGlobalIDString = 031CA34720DBDC0400F4B44B;
			remoteInfo = SwiftAtomicsTests;
		};
		03B4E0781C14003C00F4B44B /* PBXContainerItemProxy */ = {
			isa = PBXContainerItemProxy;
			containerPortal = 03E60E231AAA571100F4B44B /* Project object */;
			proxyType = 1;
			remoteGlobalIDString = 03B4E06C1C14003B00F4B44B;
			remoteInfo = deferred;
		};
		03B7768F20CAECFC00F4B44B /* PBXContainerItemProxy */ = {
			isa = PBXContainerItemProxy;
			containerPortal = 03E60E231AAA571100F4B44B /* Project object */;
			proxyType = 1;
			remoteGlobalIDString = 03B7767A20CAECFA00F4B44B;
			remoteInfo = deferredTest;
		};
		03B776A620CAED2F00F4B44B /* PBXContainerItemProxy */ = {
			isa = PBXContainerItemProxy;
			containerPortal = 03E60E231AAA571100F4B44B /* Project object */;
			proxyType = 1;
			remoteGlobalIDString = 03B4E06C1C14003B00F4B44B;
			remoteInfo = deferred;
		};
		03C599142176A17600F4B44B /* PBXContainerItemProxy */ = {
			isa = PBXContainerItemProxy;
			containerPortal = 03C5990F2176A17500F4B44B /* CurrentQoS.xcodeproj */;
			proxyType = 2;
			remoteGlobalIDString = 03840EA821769D5400F4B44B;
			remoteInfo = CurrentQoS;
		};
		03C599162176A17600F4B44B /* PBXContainerItemProxy */ = {
			isa = PBXContainerItemProxy;
			containerPortal = 03C5990F2176A17500F4B44B /* CurrentQoS.xcodeproj */;
			proxyType = 2;
			remoteGlobalIDString = 03840EB121769D5400F4B44B;
			remoteInfo = CurrentQoSTests;
		};
		03C599192176A18D00F4B44B /* PBXContainerItemProxy */ = {
			isa = PBXContainerItemProxy;
			containerPortal = 03C5990F2176A17500F4B44B /* CurrentQoS.xcodeproj */;
			proxyType = 1;
			remoteGlobalIDString = 03840EA721769D5400F4B44B;
			remoteInfo = CurrentQoS;
		};
		03DEFA5C21764B1E00F4B44B /* PBXContainerItemProxy */ = {
			isa = PBXContainerItemProxy;
			containerPortal = 0358CBD42153107C00F4B44B /* Outcome.xcodeproj */;
			proxyType = 1;
			remoteGlobalIDString = 03CD0E10217A463700F4B44B;
			remoteInfo = Outcome;
		};
		03FC96F521779E0D00F4B44B /* PBXContainerItemProxy */ = {
			isa = PBXContainerItemProxy;
			containerPortal = 03C5990F2176A17500F4B44B /* CurrentQoS.xcodeproj */;
			proxyType = 1;
			remoteGlobalIDString = 03840EA721769D5400F4B44B;
			remoteInfo = CurrentQoS;
		};
		03FC96F921779E3C00F4B44B /* PBXContainerItemProxy */ = {
			isa = PBXContainerItemProxy;
			containerPortal = 03C5990F2176A17500F4B44B /* CurrentQoS.xcodeproj */;
			proxyType = 1;
			remoteGlobalIDString = 03840EA721769D5400F4B44B;
			remoteInfo = CurrentQoS;
		};
		03FC96FB21779E3C00F4B44B /* PBXContainerItemProxy */ = {
			isa = PBXContainerItemProxy;
			containerPortal = 0358CBD42153107C00F4B44B /* Outcome.xcodeproj */;
			proxyType = 1;
			remoteGlobalIDString = 03CD0E10217A463700F4B44B;
			remoteInfo = Outcome;
		};
/* End PBXContainerItemProxy section */

/* Begin PBXCopyFilesBuildPhase section */
		03B776A820CAED2F00F4B44B /* Embed Frameworks */ = {
			isa = PBXCopyFilesBuildPhase;
			buildActionMask = 2147483647;
			dstPath = "";
			dstSubfolderSpec = 10;
			files = (
				03FC96F821779E2800F4B44B /* CurrentQoS.framework in Embed Frameworks */,
				038CB65A20DC63A500F4B44B /* CAtomics.framework in Embed Frameworks */,
				03110CEE20D2069F00F4B44B /* deferred.framework in Embed Frameworks */,
				0358CBDF2153109F00F4B44B /* Outcome.framework in Embed Frameworks */,
			);
			name = "Embed Frameworks";
			runOnlyForDeploymentPostprocessing = 0;
		};
/* End PBXCopyFilesBuildPhase section */

/* Begin PBXFileReference section */
		030A0C7820CB48DF00F4B44B /* Atomics.xcodeproj */ = {isa = PBXFileReference; lastKnownFileType = "wrapper.pb-project"; name = Atomics.xcodeproj; path = Atomics/Xcode/Atomics.xcodeproj; sourceTree = "<group>"; };
		033928181F8C099700F4B44B /* deferred-first.swift */ = {isa = PBXFileReference; lastKnownFileType = sourcecode.swift; name = "deferred-first.swift"; path = "deferred/deferred-first.swift"; sourceTree = "<group>"; };
		034857621C11BD5E00F4B44B /* Package.swift */ = {isa = PBXFileReference; fileEncoding = 4; lastKnownFileType = sourcecode.swift; name = Package.swift; path = ../Package.swift; sourceTree = "<group>"; };
		0350E0E22295FF6900F4B44B /* AlignmentTests.swift */ = {isa = PBXFileReference; fileEncoding = 4; lastKnownFileType = sourcecode.swift; name = AlignmentTests.swift; path = deferredTests/AlignmentTests.swift; sourceTree = "<group>"; };
		0358CBD42153107C00F4B44B /* Outcome.xcodeproj */ = {isa = PBXFileReference; lastKnownFileType = "wrapper.pb-project"; name = Outcome.xcodeproj; path = Outcome/Xcode/Outcome.xcodeproj; sourceTree = "<group>"; };
		035D0C0D1D84A8DB00F4B44B /* deferred-combine.swift */ = {isa = PBXFileReference; fileEncoding = 4; lastKnownFileType = sourcecode.swift; name = "deferred-combine.swift"; path = "deferred/deferred-combine.swift"; sourceTree = "<group>"; };
		035D0C0E1D84A8DB00F4B44B /* deferred-error.swift */ = {isa = PBXFileReference; fileEncoding = 4; lastKnownFileType = sourcecode.swift; name = "deferred-error.swift"; path = "deferred/deferred-error.swift"; sourceTree = "<group>"; };
		035D0C0F1D84A8DB00F4B44B /* deferred-extras.swift */ = {isa = PBXFileReference; fileEncoding = 4; lastKnownFileType = sourcecode.swift; name = "deferred-extras.swift"; path = "deferred/deferred-extras.swift"; sourceTree = "<group>"; };
		035D0C101D84A8DB00F4B44B /* deferred-parallelize.swift */ = {isa = PBXFileReference; fileEncoding = 4; lastKnownFileType = sourcecode.swift; name = "deferred-parallelize.swift"; path = "deferred/deferred-parallelize.swift"; sourceTree = "<group>"; };
		035D0C111D84A8DB00F4B44B /* deferred.swift */ = {isa = PBXFileReference; fileEncoding = 4; lastKnownFileType = sourcecode.swift; name = deferred.swift; path = deferred/deferred.swift; sourceTree = "<group>"; };
		035D0C121D84A8DB00F4B44B /* nsurlsession.swift */ = {isa = PBXFileReference; fileEncoding = 4; lastKnownFileType = sourcecode.swift; name = nsurlsession.swift; path = deferred/nsurlsession.swift; sourceTree = "<group>"; };
		035D0C141D84A8DB00F4B44B /* waiter.swift */ = {isa = PBXFileReference; fileEncoding = 4; lastKnownFileType = sourcecode.swift; name = waiter.swift; path = deferred/waiter.swift; sourceTree = "<group>"; };
		0366AE501DF0FEC400F4B44B /* DeferredTests.swift */ = {isa = PBXFileReference; fileEncoding = 4; lastKnownFileType = sourcecode.swift; name = DeferredTests.swift; path = DeferredTests/DeferredTests.swift; sourceTree = "<group>"; };
		0366AE521DF0FEC400F4B44B /* TBDTests.swift */ = {isa = PBXFileReference; fileEncoding = 4; lastKnownFileType = sourcecode.swift; name = TBDTests.swift; path = DeferredTests/TBDTests.swift; sourceTree = "<group>"; };
		0366AE531DF0FEC400F4B44B /* TBDTimingTests.swift */ = {isa = PBXFileReference; fileEncoding = 4; lastKnownFileType = sourcecode.swift; name = TBDTimingTests.swift; path = DeferredTests/TBDTimingTests.swift; sourceTree = "<group>"; };
		0366AE541DF0FEC400F4B44B /* TestError.swift */ = {isa = PBXFileReference; fileEncoding = 4; lastKnownFileType = sourcecode.swift; name = TestError.swift; path = DeferredTests/TestError.swift; sourceTree = "<group>"; };
		0366AE551DF0FEC400F4B44B /* URLSessionTests.swift */ = {isa = PBXFileReference; fileEncoding = 4; lastKnownFileType = sourcecode.swift; name = URLSessionTests.swift; path = DeferredTests/URLSessionTests.swift; sourceTree = "<group>"; };
		0374DFB01DFF5BD800F4B44B /* nzRandom.swift */ = {isa = PBXFileReference; fileEncoding = 4; lastKnownFileType = sourcecode.swift; name = nzRandom.swift; path = DeferredTests/nzRandom.swift; sourceTree = "<group>"; };
		038147591E4138BA00F4B44B /* DeletionTests.swift */ = {isa = PBXFileReference; fileEncoding = 4; lastKnownFileType = sourcecode.swift; name = DeletionTests.swift; path = deferredTests/DeletionTests.swift; sourceTree = "<group>"; };
		03857DB71F55C3DE00F4B44B /* deferred-timing.swift */ = {isa = PBXFileReference; lastKnownFileType = sourcecode.swift; name = "deferred-timing.swift"; path = "deferred/deferred-timing.swift"; sourceTree = "<group>"; };
		038C1A59229343C000F4B44B /* DeallocTBD.swift */ = {isa = PBXFileReference; fileEncoding = 4; lastKnownFileType = sourcecode.swift; name = DeallocTBD.swift; path = deferredTests/DeallocTBD.swift; sourceTree = "<group>"; };
		039E18431DFF77F900F4B44B /* LinuxMain.swift */ = {isa = PBXFileReference; lastKnownFileType = sourcecode.swift; path = LinuxMain.swift; sourceTree = "<group>"; };
		03AA21731E3FF9D600F4B44B /* DeferredCombinationTests.swift */ = {isa = PBXFileReference; fileEncoding = 4; lastKnownFileType = sourcecode.swift; name = DeferredCombinationTests.swift; path = deferredTests/DeferredCombinationTests.swift; sourceTree = "<group>"; };
		03B4E0641C13FF6900F4B44B /* deferred.h */ = {isa = PBXFileReference; fileEncoding = 4; lastKnownFileType = sourcecode.c.h; path = deferred.h; sourceTree = "<group>"; };
		03B4E0651C13FF6900F4B44B /* Info.plist */ = {isa = PBXFileReference; fileEncoding = 4; lastKnownFileType = text.plist.xml; path = Info.plist; sourceTree = "<group>"; };
		03B4E06D1C14003B00F4B44B /* deferred.framework */ = {isa = PBXFileReference; explicitFileType = wrapper.framework; includeInIndex = 0; path = deferred.framework; sourceTree = BUILT_PRODUCTS_DIR; };
		03B4E0761C14003C00F4B44B /* deferredTests.xctest */ = {isa = PBXFileReference; explicitFileType = wrapper.cfbundle; includeInIndex = 0; path = deferredTests.xctest; sourceTree = BUILT_PRODUCTS_DIR; };
		03B4E0921C14026300F4B44B /* Info.plist */ = {isa = PBXFileReference; fileEncoding = 4; lastKnownFileType = text.plist.xml; path = Info.plist; sourceTree = "<group>"; };
		03B7767B20CAECFA00F4B44B /* deferredTest.app */ = {isa = PBXFileReference; explicitFileType = wrapper.application; includeInIndex = 0; path = deferredTest.app; sourceTree = BUILT_PRODUCTS_DIR; };
		03B7767D20CAECFB00F4B44B /* AppDelegate.swift */ = {isa = PBXFileReference; lastKnownFileType = sourcecode.swift; path = AppDelegate.swift; sourceTree = "<group>"; };
		03B7767F20CAECFB00F4B44B /* ViewController.swift */ = {isa = PBXFileReference; lastKnownFileType = sourcecode.swift; path = ViewController.swift; sourceTree = "<group>"; };
		03B7768220CAECFB00F4B44B /* Base */ = {isa = PBXFileReference; lastKnownFileType = file.storyboard; name = Base; path = Base.lproj/Main.storyboard; sourceTree = "<group>"; };
		03B7768420CAECFC00F4B44B /* Assets.xcassets */ = {isa = PBXFileReference; lastKnownFileType = folder.assetcatalog; path = Assets.xcassets; sourceTree = "<group>"; };
		03B7768720CAECFC00F4B44B /* Base */ = {isa = PBXFileReference; lastKnownFileType = file.storyboard; name = Base; path = Base.lproj/LaunchScreen.storyboard; sourceTree = "<group>"; };
		03B7768920CAECFC00F4B44B /* Info.plist */ = {isa = PBXFileReference; lastKnownFileType = text.plist.xml; path = Info.plist; sourceTree = "<group>"; };
		03B7768E20CAECFC00F4B44B /* deferredTestTests.xctest */ = {isa = PBXFileReference; explicitFileType = wrapper.cfbundle; includeInIndex = 0; path = deferredTestTests.xctest; sourceTree = BUILT_PRODUCTS_DIR; };
		03B7769420CAECFC00F4B44B /* Info.plist */ = {isa = PBXFileReference; lastKnownFileType = text.plist.xml; path = Info.plist; sourceTree = "<group>"; };
		03B8179922177D8C00F4B44B /* Package@swift-4.2.swift */ = {isa = PBXFileReference; lastKnownFileType = sourcecode.swift; name = "Package@swift-4.2.swift"; path = "../Package@swift-4.2.swift"; sourceTree = "<group>"; };
		03B817A422177DD800F4B44B /* test-script.sh */ = {isa = PBXFileReference; lastKnownFileType = text.script.sh; name = "test-script.sh"; path = "../Tests/test-script.sh"; sourceTree = "<group>"; };
		03B817A522177DD800F4B44B /* install-swift.sh */ = {isa = PBXFileReference; lastKnownFileType = text.script.sh; name = "install-swift.sh"; path = "../Tests/install-swift.sh"; sourceTree = "<group>"; };
		03B817A622177DDF00F4B44B /* generate-linuxmain.sh */ = {isa = PBXFileReference; lastKnownFileType = text.script.sh; name = "generate-linuxmain.sh"; path = "../Utilities/generate-linuxmain.sh"; sourceTree = "<group>"; };
		03BEA0DF20CF3C1200F4B44B /* XCTestManifests.swift */ = {isa = PBXFileReference; fileEncoding = 4; lastKnownFileType = sourcecode.swift; name = XCTestManifests.swift; path = deferredTests/XCTestManifests.swift; sourceTree = "<group>"; };
		03C5990F2176A17500F4B44B /* CurrentQoS.xcodeproj */ = {isa = PBXFileReference; lastKnownFileType = "wrapper.pb-project"; name = CurrentQoS.xcodeproj; path = CurrentQoS/Xcode/CurrentQoS.xcodeproj; sourceTree = "<group>"; };
		03CB9823227BBECD00F4B44B /* DeferredSelectionTests.swift */ = {isa = PBXFileReference; lastKnownFileType = sourcecode.swift; name = DeferredSelectionTests.swift; path = deferredTests/DeferredSelectionTests.swift; sourceTree = "<group>"; };
		03D59CB31F7B6CB900F4B44B /* outcome.swift */ = {isa = PBXFileReference; lastKnownFileType = sourcecode.swift; name = outcome.swift; path = deferred/outcome.swift; sourceTree = "<group>"; };
		03D5D7891E52339C00F4B44B /* dispatch-utilities.swift */ = {isa = PBXFileReference; fileEncoding = 4; lastKnownFileType = sourcecode.swift; name = "dispatch-utilities.swift"; path = "deferred/dispatch-utilities.swift"; sourceTree = "<group>"; };
		03D951DA2267B20400F4B44B /* outcome.swift */ = {isa = PBXFileReference; fileEncoding = 4; lastKnownFileType = sourcecode.swift; name = outcome.swift; path = deferredTests/outcome.swift; sourceTree = "<group>"; };
		03DBD0232205039600F4B44B /* deferred-split.swift */ = {isa = PBXFileReference; lastKnownFileType = sourcecode.swift; name = "deferred-split.swift"; path = "deferred/deferred-split.swift"; sourceTree = "<group>"; };
		03FD35AD1F328D4E00F4B44B /* .travis.yml */ = {isa = PBXFileReference; lastKnownFileType = text; name = .travis.yml; path = ../.travis.yml; sourceTree = "<group>"; };
/* End PBXFileReference section */

/* Begin PBXFrameworksBuildPhase section */
		03B4E0691C14003B00F4B44B /* Frameworks */ = {
			isa = PBXFrameworksBuildPhase;
			buildActionMask = 2147483647;
			files = (
				03C599182176A18400F4B44B /* CurrentQoS.framework in Frameworks */,
				0358CBDD2153109600F4B44B /* Outcome.framework in Frameworks */,
				038CB65620DC637600F4B44B /* CAtomics.framework in Frameworks */,
			);
			runOnlyForDeploymentPostprocessing = 0;
		};
		03B4E0731C14003C00F4B44B /* Frameworks */ = {
			isa = PBXFrameworksBuildPhase;
			buildActionMask = 2147483647;
			files = (
				03B4E0771C14003C00F4B44B /* deferred.framework in Frameworks */,
			);
			runOnlyForDeploymentPostprocessing = 0;
		};
		03B7767820CAECFA00F4B44B /* Frameworks */ = {
			isa = PBXFrameworksBuildPhase;
			buildActionMask = 2147483647;
			files = (
				03FC96F721779E1500F4B44B /* CurrentQoS.framework in Frameworks */,
				038CB65920DC639400F4B44B /* CAtomics.framework in Frameworks */,
				03B776A420CAED2F00F4B44B /* deferred.framework in Frameworks */,
				0358CBDE2153109F00F4B44B /* Outcome.framework in Frameworks */,
			);
			runOnlyForDeploymentPostprocessing = 0;
		};
		03B7768B20CAECFC00F4B44B /* Frameworks */ = {
			isa = PBXFrameworksBuildPhase;
			buildActionMask = 2147483647;
			files = (
				03FC96FD21779E4200F4B44B /* CurrentQoS.framework in Frameworks */,
				03FC96FE21779E4200F4B44B /* Outcome.framework in Frameworks */,
				038CB65D20DC63CB00F4B44B /* CAtomics.framework in Frameworks */,
				03E9756B20D2050100F4B44B /* deferred.framework in Frameworks */,
			);
			runOnlyForDeploymentPostprocessing = 0;
		};
/* End PBXFrameworksBuildPhase section */

/* Begin PBXGroup section */
		030A0C3220CB48CA00F4B44B /* dependencies */ = {
			isa = PBXGroup;
			children = (
				03C5990F2176A17500F4B44B /* CurrentQoS.xcodeproj */,
				0358CBD42153107C00F4B44B /* Outcome.xcodeproj */,
				030A0C7820CB48DF00F4B44B /* Atomics.xcodeproj */,
			);
			path = dependencies;
			sourceTree = "<group>";
		};
		030A0C7920CB48DF00F4B44B /* Products */ = {
			isa = PBXGroup;
			children = (
				0393E8D42285E7FE00F4B44B /* SwiftAtomics.framework */,
				0393E8D62285E7FE00F4B44B /* SwiftAtomicsTests.xctest */,
				038CB64F20DC636D00F4B44B /* CAtomics.framework */,
				038CB65120DC636D00F4B44B /* CAtomicsTests.xctest */,
				038CB65320DC636D00F4B44B /* AtomicsTestApp.app */,
				038CB65520DC636D00F4B44B /* AtomicsTestAppTests.xctest */,
			);
			name = Products;
			sourceTree = "<group>";
		};
		030A0C8720CB48FC00F4B44B /* Frameworks */ = {
			isa = PBXGroup;
			children = (
			);
			name = Frameworks;
			sourceTree = "<group>";
		};
		0358CBD52153107C00F4B44B /* Products */ = {
			isa = PBXGroup;
			children = (
				0358CBDA2153107C00F4B44B /* Outcome.framework */,
				0358CBDC2153107C00F4B44B /* OutcomeTests.xctest */,
			);
			name = Products;
			sourceTree = "<group>";
		};
		03850ABD1C76AB2200F4B44B /* Source */ = {
			isa = PBXGroup;
			children = (
				035D0C111D84A8DB00F4B44B /* deferred.swift */,
				035D0C0E1D84A8DB00F4B44B /* deferred-error.swift */,
				035D0C0F1D84A8DB00F4B44B /* deferred-extras.swift */,
				03857DB71F55C3DE00F4B44B /* deferred-timing.swift */,
				035D0C0D1D84A8DB00F4B44B /* deferred-combine.swift */,
				035D0C101D84A8DB00F4B44B /* deferred-parallelize.swift */,
				03DBD0232205039600F4B44B /* deferred-split.swift */,
				033928181F8C099700F4B44B /* deferred-first.swift */,
				035D0C121D84A8DB00F4B44B /* nsurlsession.swift */,
				03D59CB31F7B6CB900F4B44B /* outcome.swift */,
				035D0C141D84A8DB00F4B44B /* waiter.swift */,
				03D5D7891E52339C00F4B44B /* dispatch-utilities.swift */,
			);
			name = Source;
			path = ../Source;
			sourceTree = SOURCE_ROOT;
		};
		03850AEA1C76ABF500F4B44B /* Tests */ = {
			isa = PBXGroup;
			children = (
				039E18431DFF77F900F4B44B /* LinuxMain.swift */,
				0350E0E22295FF6900F4B44B /* AlignmentTests.swift */,
				0366AE501DF0FEC400F4B44B /* DeferredTests.swift */,
				03AA21731E3FF9D600F4B44B /* DeferredCombinationTests.swift */,
				03CB9823227BBECD00F4B44B /* DeferredSelectionTests.swift */,
				038147591E4138BA00F4B44B /* DeletionTests.swift */,
				0366AE521DF0FEC400F4B44B /* TBDTests.swift */,
				0366AE531DF0FEC400F4B44B /* TBDTimingTests.swift */,
				0366AE551DF0FEC400F4B44B /* URLSessionTests.swift */,
				0366AE541DF0FEC400F4B44B /* TestError.swift */,
				038C1A59229343C000F4B44B /* DeallocTBD.swift */,
				0374DFB01DFF5BD800F4B44B /* nzRandom.swift */,
				03D951DA2267B20400F4B44B /* outcome.swift */,
				03BEA0DF20CF3C1200F4B44B /* XCTestManifests.swift */,
			);
			name = Tests;
			path = ../Tests;
			sourceTree = SOURCE_ROOT;
		};
		03B4E0631C13FF6900F4B44B /* deferred */ = {
			isa = PBXGroup;
			children = (
				03B4E0641C13FF6900F4B44B /* deferred.h */,
				03B4E0651C13FF6900F4B44B /* Info.plist */,
			);
			path = deferred;
			sourceTree = "<group>";
		};
		03B4E07A1C14003C00F4B44B /* deferredTests */ = {
			isa = PBXGroup;
			children = (
				03B4E0921C14026300F4B44B /* Info.plist */,
			);
			path = deferredTests;
			sourceTree = "<group>";
		};
		03B7767C20CAECFA00F4B44B /* deferredTest */ = {
			isa = PBXGroup;
			children = (
				03B7767D20CAECFB00F4B44B /* AppDelegate.swift */,
				03B7767F20CAECFB00F4B44B /* ViewController.swift */,
				03B7768120CAECFB00F4B44B /* Main.storyboard */,
				03B7768420CAECFC00F4B44B /* Assets.xcassets */,
				03B7768620CAECFC00F4B44B /* LaunchScreen.storyboard */,
				03B7768920CAECFC00F4B44B /* Info.plist */,
			);
			path = deferredTest;
			sourceTree = "<group>";
		};
		03B7769120CAECFC00F4B44B /* deferredTestTests */ = {
			isa = PBXGroup;
			children = (
				03B7769420CAECFC00F4B44B /* Info.plist */,
			);
			path = deferredTestTests;
			sourceTree = "<group>";
		};
		03B817A322177DA600F4B44B /* Scripts */ = {
			isa = PBXGroup;
			children = (
				03B817A522177DD800F4B44B /* install-swift.sh */,
				03B817A422177DD800F4B44B /* test-script.sh */,
				03B817A622177DDF00F4B44B /* generate-linuxmain.sh */,
			);
			name = Scripts;
			sourceTree = "<group>";
		};
		03C599102176A17500F4B44B /* Products */ = {
			isa = PBXGroup;
			children = (
				03C599152176A17600F4B44B /* CurrentQoS.framework */,
				03C599172176A17600F4B44B /* CurrentQoSTests.xctest */,
			);
			name = Products;
			sourceTree = "<group>";
		};
		03E60E221AAA571100F4B44B = {
			isa = PBXGroup;
			children = (
				034857621C11BD5E00F4B44B /* Package.swift */,
				03B8179922177D8C00F4B44B /* Package@swift-4.2.swift */,
				03FD35AD1F328D4E00F4B44B /* .travis.yml */,
				03B817A322177DA600F4B44B /* Scripts */,
				03850ABD1C76AB2200F4B44B /* Source */,
				03850AEA1C76ABF500F4B44B /* Tests */,
				03B4E0631C13FF6900F4B44B /* deferred */,
				03B4E07A1C14003C00F4B44B /* deferredTests */,
				03B7767C20CAECFA00F4B44B /* deferredTest */,
				03B7769120CAECFC00F4B44B /* deferredTestTests */,
				030A0C3220CB48CA00F4B44B /* dependencies */,
				03E60E2D1AAA571100F4B44B /* Products */,
				030A0C8720CB48FC00F4B44B /* Frameworks */,
			);
			sourceTree = "<group>";
		};
		03E60E2D1AAA571100F4B44B /* Products */ = {
			isa = PBXGroup;
			children = (
				03B4E06D1C14003B00F4B44B /* deferred.framework */,
				03B4E0761C14003C00F4B44B /* deferredTests.xctest */,
				03B7767B20CAECFA00F4B44B /* deferredTest.app */,
				03B7768E20CAECFC00F4B44B /* deferredTestTests.xctest */,
			);
			name = Products;
			sourceTree = "<group>";
		};
/* End PBXGroup section */

/* Begin PBXHeadersBuildPhase section */
		03B4E06A1C14003B00F4B44B /* Headers */ = {
			isa = PBXHeadersBuildPhase;
			buildActionMask = 2147483647;
			files = (
			);
			runOnlyForDeploymentPostprocessing = 0;
		};
/* End PBXHeadersBuildPhase section */

/* Begin PBXNativeTarget section */
		03B4E06C1C14003B00F4B44B /* deferred */ = {
			isa = PBXNativeTarget;
			buildConfigurationList = 03B4E07E1C14003C00F4B44B /* Build configuration list for PBXNativeTarget "deferred" */;
			buildPhases = (
				03B4E0681C14003B00F4B44B /* Sources */,
				03B4E0691C14003B00F4B44B /* Frameworks */,
				03B4E06A1C14003B00F4B44B /* Headers */,
				03B4E06B1C14003B00F4B44B /* Resources */,
			);
			buildRules = (
			);
			dependencies = (
				03C5991A2176A18D00F4B44B /* PBXTargetDependency */,
				03DEFA5D21764B1E00F4B44B /* PBXTargetDependency */,
				038CB64820DC636D00F4B44B /* PBXTargetDependency */,
			);
			name = deferred;
			productName = deferred;
			productReference = 03B4E06D1C14003B00F4B44B /* deferred.framework */;
			productType = "com.apple.product-type.framework";
		};
		03B4E0751C14003C00F4B44B /* deferredTests */ = {
			isa = PBXNativeTarget;
			buildConfigurationList = 03B4E0811C14003C00F4B44B /* Build configuration list for PBXNativeTarget "deferredTests" */;
			buildPhases = (
				03B4E0721C14003C00F4B44B /* Sources */,
				03B4E0731C14003C00F4B44B /* Frameworks */,
				03B4E0741C14003C00F4B44B /* Resources */,
				03BEA0DB20CF38C100F4B44B /* ShellScript */,
			);
			buildRules = (
			);
			dependencies = (
				03B4E0791C14003C00F4B44B /* PBXTargetDependency */,
			);
			name = deferredTests;
			productName = deferredTests;
			productReference = 03B4E0761C14003C00F4B44B /* deferredTests.xctest */;
			productType = "com.apple.product-type.bundle.unit-test";
		};
		03B7767A20CAECFA00F4B44B /* deferredTest */ = {
			isa = PBXNativeTarget;
			buildConfigurationList = 03B7769520CAECFC00F4B44B /* Build configuration list for PBXNativeTarget "deferredTest" */;
			buildPhases = (
				03B7767720CAECFA00F4B44B /* Sources */,
				03B7767820CAECFA00F4B44B /* Frameworks */,
				03B7767920CAECFA00F4B44B /* Resources */,
				03B776A820CAED2F00F4B44B /* Embed Frameworks */,
			);
			buildRules = (
			);
			dependencies = (
				03FC96F621779E0D00F4B44B /* PBXTargetDependency */,
				038CB65820DC638E00F4B44B /* PBXTargetDependency */,
				03B776A720CAED2F00F4B44B /* PBXTargetDependency */,
				0358CBE12153109F00F4B44B /* PBXTargetDependency */,
			);
			name = deferredTest;
			productName = deferredTest;
			productReference = 03B7767B20CAECFA00F4B44B /* deferredTest.app */;
			productType = "com.apple.product-type.application";
		};
		03B7768D20CAECFC00F4B44B /* deferredTestTests */ = {
			isa = PBXNativeTarget;
			buildConfigurationList = 03B7769820CAECFC00F4B44B /* Build configuration list for PBXNativeTarget "deferredTestTests" */;
			buildPhases = (
				03B7768A20CAECFC00F4B44B /* Sources */,
				03B7768B20CAECFC00F4B44B /* Frameworks */,
				03B7768C20CAECFC00F4B44B /* Resources */,
			);
			buildRules = (
			);
			dependencies = (
				03FC96FA21779E3C00F4B44B /* PBXTargetDependency */,
				03FC96FC21779E3C00F4B44B /* PBXTargetDependency */,
				038CB65C20DC63C500F4B44B /* PBXTargetDependency */,
				03110CEB20D2065900F4B44B /* PBXTargetDependency */,
				03B7769020CAECFC00F4B44B /* PBXTargetDependency */,
			);
			name = deferredTestTests;
			productName = deferredTestTests;
			productReference = 03B7768E20CAECFC00F4B44B /* deferredTestTests.xctest */;
			productType = "com.apple.product-type.bundle.unit-test";
		};
/* End PBXNativeTarget section */

/* Begin PBXProject section */
		03E60E231AAA571100F4B44B /* Project object */ = {
			isa = PBXProject;
			attributes = {
				LastSwiftUpdateCheck = 1000;
				LastUpgradeCheck = 1000;
				ORGANIZATIONNAME = "Guillaume Lessard";
				TargetAttributes = {
					03B4E06C1C14003B00F4B44B = {
						CreatedOnToolsVersion = 7.2;
						LastSwiftMigration = 0900;
						ProvisioningStyle = Manual;
					};
					03B4E0751C14003C00F4B44B = {
						CreatedOnToolsVersion = 7.2;
						LastSwiftMigration = 0900;
						ProvisioningStyle = Manual;
					};
					03B7767A20CAECFA00F4B44B = {
						CreatedOnToolsVersion = 10.0;
						DevelopmentTeam = 96558JVW34;
						ProvisioningStyle = Automatic;
					};
					03B7768D20CAECFC00F4B44B = {
						CreatedOnToolsVersion = 10.0;
						DevelopmentTeam = 96558JVW34;
						ProvisioningStyle = Automatic;
						TestTargetID = 03B7767A20CAECFA00F4B44B;
					};
				};
			};
			buildConfigurationList = 03E60E261AAA571100F4B44B /* Build configuration list for PBXProject "deferred" */;
			compatibilityVersion = "Xcode 3.2";
			developmentRegion = en;
			hasScannedForEncodings = 0;
			knownRegions = (
				en,
				Base,
			);
			mainGroup = 03E60E221AAA571100F4B44B;
			productRefGroup = 03E60E2D1AAA571100F4B44B /* Products */;
			projectDirPath = "";
			projectReferences = (
				{
					ProductGroup = 030A0C7920CB48DF00F4B44B /* Products */;
					ProjectRef = 030A0C7820CB48DF00F4B44B /* Atomics.xcodeproj */;
				},
				{
					ProductGroup = 03C599102176A17500F4B44B /* Products */;
					ProjectRef = 03C5990F2176A17500F4B44B /* CurrentQoS.xcodeproj */;
				},
				{
					ProductGroup = 0358CBD52153107C00F4B44B /* Products */;
					ProjectRef = 0358CBD42153107C00F4B44B /* Outcome.xcodeproj */;
				},
			);
			projectRoot = "";
			targets = (
				03B4E06C1C14003B00F4B44B /* deferred */,
				03B4E0751C14003C00F4B44B /* deferredTests */,
				03B7767A20CAECFA00F4B44B /* deferredTest */,
				03B7768D20CAECFC00F4B44B /* deferredTestTests */,
			);
		};
/* End PBXProject section */

/* Begin PBXReferenceProxy section */
		0358CBDA2153107C00F4B44B /* Outcome.framework */ = {
			isa = PBXReferenceProxy;
			fileType = wrapper.framework;
			path = Outcome.framework;
			remoteRef = 0358CBD92153107C00F4B44B /* PBXContainerItemProxy */;
			sourceTree = BUILT_PRODUCTS_DIR;
		};
		0358CBDC2153107C00F4B44B /* OutcomeTests.xctest */ = {
			isa = PBXReferenceProxy;
			fileType = wrapper.cfbundle;
			path = OutcomeTests.xctest;
			remoteRef = 0358CBDB2153107C00F4B44B /* PBXContainerItemProxy */;
			sourceTree = BUILT_PRODUCTS_DIR;
		};
		038CB64F20DC636D00F4B44B /* CAtomics.framework */ = {
			isa = PBXReferenceProxy;
			fileType = wrapper.framework;
			path = CAtomics.framework;
			remoteRef = 038CB64E20DC636D00F4B44B /* PBXContainerItemProxy */;
			sourceTree = BUILT_PRODUCTS_DIR;
		};
		038CB65120DC636D00F4B44B /* CAtomicsTests.xctest */ = {
			isa = PBXReferenceProxy;
			fileType = wrapper.cfbundle;
			path = CAtomicsTests.xctest;
			remoteRef = 038CB65020DC636D00F4B44B /* PBXContainerItemProxy */;
			sourceTree = BUILT_PRODUCTS_DIR;
		};
		038CB65320DC636D00F4B44B /* AtomicsTestApp.app */ = {
			isa = PBXReferenceProxy;
			fileType = wrapper.application;
			path = AtomicsTestApp.app;
			remoteRef = 038CB65220DC636D00F4B44B /* PBXContainerItemProxy */;
			sourceTree = BUILT_PRODUCTS_DIR;
		};
		038CB65520DC636D00F4B44B /* AtomicsTestAppTests.xctest */ = {
			isa = PBXReferenceProxy;
			fileType = wrapper.cfbundle;
			path = AtomicsTestAppTests.xctest;
			remoteRef = 038CB65420DC636D00F4B44B /* PBXContainerItemProxy */;
			sourceTree = BUILT_PRODUCTS_DIR;
		};
		0393E8D42285E7FE00F4B44B /* SwiftAtomics.framework */ = {
			isa = PBXReferenceProxy;
			fileType = wrapper.framework;
			path = SwiftAtomics.framework;
			remoteRef = 0393E8D32285E7FE00F4B44B /* PBXContainerItemProxy */;
			sourceTree = BUILT_PRODUCTS_DIR;
		};
		0393E8D62285E7FE00F4B44B /* SwiftAtomicsTests.xctest */ = {
			isa = PBXReferenceProxy;
			fileType = wrapper.cfbundle;
			path = SwiftAtomicsTests.xctest;
			remoteRef = 0393E8D52285E7FE00F4B44B /* PBXContainerItemProxy */;
			sourceTree = BUILT_PRODUCTS_DIR;
		};
		03C599152176A17600F4B44B /* CurrentQoS.framework */ = {
			isa = PBXReferenceProxy;
			fileType = wrapper.framework;
			path = CurrentQoS.framework;
			remoteRef = 03C599142176A17600F4B44B /* PBXContainerItemProxy */;
			sourceTree = BUILT_PRODUCTS_DIR;
		};
		03C599172176A17600F4B44B /* CurrentQoSTests.xctest */ = {
			isa = PBXReferenceProxy;
			fileType = wrapper.cfbundle;
			path = CurrentQoSTests.xctest;
			remoteRef = 03C599162176A17600F4B44B /* PBXContainerItemProxy */;
			sourceTree = BUILT_PRODUCTS_DIR;
		};
/* End PBXReferenceProxy section */

/* Begin PBXResourcesBuildPhase section */
		03B4E06B1C14003B00F4B44B /* Resources */ = {
			isa = PBXResourcesBuildPhase;
			buildActionMask = 2147483647;
			files = (
			);
			runOnlyForDeploymentPostprocessing = 0;
		};
		03B4E0741C14003C00F4B44B /* Resources */ = {
			isa = PBXResourcesBuildPhase;
			buildActionMask = 2147483647;
			files = (
			);
			runOnlyForDeploymentPostprocessing = 0;
		};
		03B7767920CAECFA00F4B44B /* Resources */ = {
			isa = PBXResourcesBuildPhase;
			buildActionMask = 2147483647;
			files = (
				03B7768820CAECFC00F4B44B /* LaunchScreen.storyboard in Resources */,
				03B7768520CAECFC00F4B44B /* Assets.xcassets in Resources */,
				03B7768320CAECFB00F4B44B /* Main.storyboard in Resources */,
			);
			runOnlyForDeploymentPostprocessing = 0;
		};
		03B7768C20CAECFC00F4B44B /* Resources */ = {
			isa = PBXResourcesBuildPhase;
			buildActionMask = 2147483647;
			files = (
			);
			runOnlyForDeploymentPostprocessing = 0;
		};
/* End PBXResourcesBuildPhase section */

/* Begin PBXShellScriptBuildPhase section */
		03BEA0DB20CF38C100F4B44B /* ShellScript */ = {
			isa = PBXShellScriptBuildPhase;
			buildActionMask = 2147483647;
			files = (
			);
			inputPaths = (
			);
			outputPaths = (
			);
			runOnlyForDeploymentPostprocessing = 0;
			shellPath = /bin/sh;
			shellScript = "/bin/bash ${PROJECT_DIR}/../Utilities/generate-linuxmain.sh\n";
			showEnvVarsInLog = 0;
		};
/* End PBXShellScriptBuildPhase section */

/* Begin PBXSourcesBuildPhase section */
		03B4E0681C14003B00F4B44B /* Sources */ = {
			isa = PBXSourcesBuildPhase;
			buildActionMask = 2147483647;
			files = (
				035D0C171D84A8DB00F4B44B /* deferred-error.swift in Sources */,
				03DBD0242205039600F4B44B /* deferred-split.swift in Sources */,
				03857DB81F55C3DE00F4B44B /* deferred-timing.swift in Sources */,
				035D0C1B1D84A8DB00F4B44B /* deferred-parallelize.swift in Sources */,
				035D0C1D1D84A8DB00F4B44B /* deferred.swift in Sources */,
				03D5D78A1E52339C00F4B44B /* dispatch-utilities.swift in Sources */,
				03D59CB41F7B6CB900F4B44B /* outcome.swift in Sources */,
				035D0C151D84A8DB00F4B44B /* deferred-combine.swift in Sources */,
				03BBDB1821EFDBDD00F4B44B /* nsurlsession.swift in Sources */,
				035D0C191D84A8DB00F4B44B /* deferred-extras.swift in Sources */,
				035D0C231D84A8DB00F4B44B /* waiter.swift in Sources */,
				033928191F8C099700F4B44B /* deferred-first.swift in Sources */,
			);
			runOnlyForDeploymentPostprocessing = 0;
		};
		03B4E0721C14003C00F4B44B /* Sources */ = {
			isa = PBXSourcesBuildPhase;
			buildActionMask = 2147483647;
			files = (
				0366AE5E1DF0FEC400F4B44B /* TestError.swift in Sources */,
				038C1A5A229343C000F4B44B /* DeallocTBD.swift in Sources */,
				03AA21741E3FF9D600F4B44B /* DeferredCombinationTests.swift in Sources */,
				03BBDB1021EFDBBF00F4B44B /* URLSessionTests.swift in Sources */,
				0366AE5C1DF0FEC400F4B44B /* TBDTimingTests.swift in Sources */,
				039E18411DFF621300F4B44B /* nzRandom.swift in Sources */,
				0366AE561DF0FEC400F4B44B /* DeferredTests.swift in Sources */,
				03D951E22267B20400F4B44B /* outcome.swift in Sources */,
				03CB9824227BBECD00F4B44B /* DeferredSelectionTests.swift in Sources */,
				0350E0EA2295FF6900F4B44B /* AlignmentTests.swift in Sources */,
				0366AE5A1DF0FEC400F4B44B /* TBDTests.swift in Sources */,
				032F0AA91E4454D600F4B44B /* DeletionTests.swift in Sources */,
			);
			runOnlyForDeploymentPostprocessing = 0;
		};
		03B7767720CAECFA00F4B44B /* Sources */ = {
			isa = PBXSourcesBuildPhase;
			buildActionMask = 2147483647;
			files = (
				03B7768020CAECFB00F4B44B /* ViewController.swift in Sources */,
				03B7767E20CAECFB00F4B44B /* AppDelegate.swift in Sources */,
			);
			runOnlyForDeploymentPostprocessing = 0;
		};
		03B7768A20CAECFC00F4B44B /* Sources */ = {
			isa = PBXSourcesBuildPhase;
			buildActionMask = 2147483647;
			files = (
				0350E0C22295D11A00F4B44B /* DeallocTBD.swift in Sources */,
				03B776A320CAED1C00F4B44B /* nzRandom.swift in Sources */,
				03B7769B20CAED1C00F4B44B /* DeferredTests.swift in Sources */,
				03E4DF5D21FC01E800F4B44B /* URLSessionTests.swift in Sources */,
				03B7769E20CAED1C00F4B44B /* TBDTests.swift in Sources */,
				03B7769D20CAED1C00F4B44B /* DeletionTests.swift in Sources */,
				03B4337120CAF2C600F4B44B /* TBDTimingTests.swift in Sources */,
				03D951E32267B24900F4B44B /* outcome.swift in Sources */,
				0393E8CD2285E7FE00F4B44B /* DeferredSelectionTests.swift in Sources */,
				0350E0EB2295FF6900F4B44B /* AlignmentTests.swift in Sources */,
				03B776A220CAED1C00F4B44B /* TestError.swift in Sources */,
				03B7769C20CAED1C00F4B44B /* DeferredCombinationTests.swift in Sources */,
			);
			runOnlyForDeploymentPostprocessing = 0;
		};
/* End PBXSourcesBuildPhase section */

/* Begin PBXTargetDependency section */
		03110CEB20D2065900F4B44B /* PBXTargetDependency */ = {
			isa = PBXTargetDependency;
			target = 03B4E06C1C14003B00F4B44B /* deferred */;
			targetProxy = 03110CEA20D2065900F4B44B /* PBXContainerItemProxy */;
		};
		0358CBE12153109F00F4B44B /* PBXTargetDependency */ = {
			isa = PBXTargetDependency;
			name = Outcome;
			targetProxy = 0358CBE02153109F00F4B44B /* PBXContainerItemProxy */;
		};
		038CB64820DC636D00F4B44B /* PBXTargetDependency */ = {
			isa = PBXTargetDependency;
			name = CAtomics;
			targetProxy = 038CB64720DC636D00F4B44B /* PBXContainerItemProxy */;
		};
		038CB65820DC638E00F4B44B /* PBXTargetDependency */ = {
			isa = PBXTargetDependency;
			name = CAtomics;
			targetProxy = 038CB65720DC638E00F4B44B /* PBXContainerItemProxy */;
		};
		038CB65C20DC63C500F4B44B /* PBXTargetDependency */ = {
			isa = PBXTargetDependency;
			name = CAtomics;
			targetProxy = 038CB65B20DC63C500F4B44B /* PBXContainerItemProxy */;
		};
		03B4E0791C14003C00F4B44B /* PBXTargetDependency */ = {
			isa = PBXTargetDependency;
			target = 03B4E06C1C14003B00F4B44B /* deferred */;
			targetProxy = 03B4E0781C14003C00F4B44B /* PBXContainerItemProxy */;
		};
		03B7769020CAECFC00F4B44B /* PBXTargetDependency */ = {
			isa = PBXTargetDependency;
			target = 03B7767A20CAECFA00F4B44B /* deferredTest */;
			targetProxy = 03B7768F20CAECFC00F4B44B /* PBXContainerItemProxy */;
		};
		03B776A720CAED2F00F4B44B /* PBXTargetDependency */ = {
			isa = PBXTargetDependency;
			target = 03B4E06C1C14003B00F4B44B /* deferred */;
			targetProxy = 03B776A620CAED2F00F4B44B /* PBXContainerItemProxy */;
		};
		03C5991A2176A18D00F4B44B /* PBXTargetDependency */ = {
			isa = PBXTargetDependency;
			name = CurrentQoS;
			targetProxy = 03C599192176A18D00F4B44B /* PBXContainerItemProxy */;
		};
		03DEFA5D21764B1E00F4B44B /* PBXTargetDependency */ = {
			isa = PBXTargetDependency;
			name = Outcome;
			targetProxy = 03DEFA5C21764B1E00F4B44B /* PBXContainerItemProxy */;
		};
		03FC96F621779E0D00F4B44B /* PBXTargetDependency */ = {
			isa = PBXTargetDependency;
			name = CurrentQoS;
			targetProxy = 03FC96F521779E0D00F4B44B /* PBXContainerItemProxy */;
		};
		03FC96FA21779E3C00F4B44B /* PBXTargetDependency */ = {
			isa = PBXTargetDependency;
			name = CurrentQoS;
			targetProxy = 03FC96F921779E3C00F4B44B /* PBXContainerItemProxy */;
		};
		03FC96FC21779E3C00F4B44B /* PBXTargetDependency */ = {
			isa = PBXTargetDependency;
			name = Outcome;
			targetProxy = 03FC96FB21779E3C00F4B44B /* PBXContainerItemProxy */;
		};
/* End PBXTargetDependency section */

/* Begin PBXVariantGroup section */
		03B7768120CAECFB00F4B44B /* Main.storyboard */ = {
			isa = PBXVariantGroup;
			children = (
				03B7768220CAECFB00F4B44B /* Base */,
			);
			name = Main.storyboard;
			sourceTree = "<group>";
		};
		03B7768620CAECFC00F4B44B /* LaunchScreen.storyboard */ = {
			isa = PBXVariantGroup;
			children = (
				03B7768720CAECFC00F4B44B /* Base */,
			);
			name = LaunchScreen.storyboard;
			sourceTree = "<group>";
		};
/* End PBXVariantGroup section */

/* Begin XCBuildConfiguration section */
		03B4E07F1C14003C00F4B44B /* Debug */ = {
			isa = XCBuildConfiguration;
			buildSettings = {
				CLANG_ENABLE_MODULES = YES;
				CODE_SIGN_IDENTITY = "";
				COMBINE_HIDPI_IMAGES = YES;
				DEFINES_MODULE = YES;
				DYLIB_COMPATIBILITY_VERSION = 1;
				DYLIB_CURRENT_VERSION = 1;
				DYLIB_INSTALL_NAME_BASE = "@rpath";
				FRAMEWORK_VERSION = A;
				INFOPLIST_FILE = deferred/Info.plist;
				INSTALL_PATH = "$(LOCAL_LIBRARY_DIR)/Frameworks";
				LD_RUNPATH_SEARCH_PATHS = "$(inherited) @executable_path/../Frameworks @loader_path/Frameworks";
				PRODUCT_BUNDLE_IDENTIFIER = com.tffenterprises.deferred;
				PRODUCT_NAME = "$(TARGET_NAME)";
				PROVISIONING_PROFILE_SPECIFIER = "";
				SKIP_INSTALL = YES;
				SUPPORTED_PLATFORMS = "macosx iphoneos appletvos iphonesimulator appletvsimulator";
			};
			name = Debug;
		};
		03B4E0801C14003C00F4B44B /* Release */ = {
			isa = XCBuildConfiguration;
			buildSettings = {
				CLANG_ENABLE_MODULES = YES;
				CODE_SIGN_IDENTITY = "";
				COMBINE_HIDPI_IMAGES = YES;
				DEFINES_MODULE = YES;
				DYLIB_COMPATIBILITY_VERSION = 1;
				DYLIB_CURRENT_VERSION = 1;
				DYLIB_INSTALL_NAME_BASE = "@rpath";
				FRAMEWORK_VERSION = A;
				INFOPLIST_FILE = deferred/Info.plist;
				INSTALL_PATH = "$(LOCAL_LIBRARY_DIR)/Frameworks";
				LD_RUNPATH_SEARCH_PATHS = "$(inherited) @executable_path/../Frameworks @loader_path/Frameworks";
				PRODUCT_BUNDLE_IDENTIFIER = com.tffenterprises.deferred;
				PRODUCT_NAME = "$(TARGET_NAME)";
				PROVISIONING_PROFILE_SPECIFIER = "";
				SKIP_INSTALL = YES;
				SUPPORTED_PLATFORMS = "macosx iphoneos appletvos iphonesimulator appletvsimulator";
			};
			name = Release;
		};
		03B4E0821C14003C00F4B44B /* Debug */ = {
			isa = XCBuildConfiguration;
			buildSettings = {
				COMBINE_HIDPI_IMAGES = YES;
				INFOPLIST_FILE = deferredTests/Info.plist;
				LD_RUNPATH_SEARCH_PATHS = "$(inherited) @executable_path/../Frameworks @loader_path/../Frameworks";
				PRODUCT_BUNDLE_IDENTIFIER = com.tffenterprises.deferredTests;
				PRODUCT_NAME = "$(TARGET_NAME)";
				PROVISIONING_PROFILE_SPECIFIER = "";
				SUPPORTED_PLATFORMS = "macosx iphoneos appletvos iphonesimulator appletvsimulator";
			};
			name = Debug;
		};
		03B4E0831C14003C00F4B44B /* Release */ = {
			isa = XCBuildConfiguration;
			buildSettings = {
				COMBINE_HIDPI_IMAGES = YES;
				INFOPLIST_FILE = deferredTests/Info.plist;
				LD_RUNPATH_SEARCH_PATHS = "$(inherited) @executable_path/../Frameworks @loader_path/../Frameworks";
				PRODUCT_BUNDLE_IDENTIFIER = com.tffenterprises.deferredTests;
				PRODUCT_NAME = "$(TARGET_NAME)";
				PROVISIONING_PROFILE_SPECIFIER = "";
				SUPPORTED_PLATFORMS = "macosx iphoneos appletvos iphonesimulator appletvsimulator";
			};
			name = Release;
		};
		03B7769620CAECFC00F4B44B /* Debug */ = {
			isa = XCBuildConfiguration;
			buildSettings = {
				ALWAYS_EMBED_SWIFT_STANDARD_LIBRARIES = YES;
				ASSETCATALOG_COMPILER_APPICON_NAME = AppIcon;
				CLANG_ANALYZER_NONNULL = YES;
				CLANG_ANALYZER_NUMBER_OBJECT_CONVERSION = YES_AGGRESSIVE;
				CLANG_ENABLE_OBJC_WEAK = YES;
				CLANG_WARN_DOCUMENTATION_COMMENTS = YES;
				CLANG_WARN_UNGUARDED_AVAILABILITY = YES_AGGRESSIVE;
				CODE_SIGN_IDENTITY = "iPhone Developer";
				CODE_SIGN_STYLE = Automatic;
				DEVELOPMENT_TEAM = 96558JVW34;
				GCC_DYNAMIC_NO_PIC = NO;
				INFOPLIST_FILE = deferredTest/Info.plist;
				IPHONEOS_DEPLOYMENT_TARGET = 9.0;
				LD_RUNPATH_SEARCH_PATHS = "$(inherited) @executable_path/Frameworks";
				PRODUCT_BUNDLE_IDENTIFIER = com.tffenterprises.deferredTest.x03a1;
				PRODUCT_NAME = "$(TARGET_NAME)";
				SDKROOT = iphoneos;
				TARGETED_DEVICE_FAMILY = "1,2";
			};
			name = Debug;
		};
		03B7769720CAECFC00F4B44B /* Release */ = {
			isa = XCBuildConfiguration;
			buildSettings = {
				ALWAYS_EMBED_SWIFT_STANDARD_LIBRARIES = YES;
				ASSETCATALOG_COMPILER_APPICON_NAME = AppIcon;
				CLANG_ANALYZER_NONNULL = YES;
				CLANG_ANALYZER_NUMBER_OBJECT_CONVERSION = YES_AGGRESSIVE;
				CLANG_ENABLE_OBJC_WEAK = YES;
				CLANG_WARN_DOCUMENTATION_COMMENTS = YES;
				CLANG_WARN_UNGUARDED_AVAILABILITY = YES_AGGRESSIVE;
				CODE_SIGN_IDENTITY = "iPhone Developer";
				CODE_SIGN_STYLE = Automatic;
				DEVELOPMENT_TEAM = 96558JVW34;
				INFOPLIST_FILE = deferredTest/Info.plist;
				IPHONEOS_DEPLOYMENT_TARGET = 9.0;
				LD_RUNPATH_SEARCH_PATHS = "$(inherited) @executable_path/Frameworks";
				PRODUCT_BUNDLE_IDENTIFIER = com.tffenterprises.deferredTest.x03a1;
				PRODUCT_NAME = "$(TARGET_NAME)";
				SDKROOT = iphoneos;
				TARGETED_DEVICE_FAMILY = "1,2";
				VALIDATE_PRODUCT = YES;
			};
			name = Release;
		};
		03B7769920CAECFC00F4B44B /* Debug */ = {
			isa = XCBuildConfiguration;
			buildSettings = {
				ALWAYS_EMBED_SWIFT_STANDARD_LIBRARIES = YES;
				BUNDLE_LOADER = "$(TEST_HOST)";
				CLANG_ANALYZER_NONNULL = YES;
				CLANG_ANALYZER_NUMBER_OBJECT_CONVERSION = YES_AGGRESSIVE;
				CLANG_ENABLE_OBJC_WEAK = YES;
				CLANG_WARN_DOCUMENTATION_COMMENTS = YES;
				CLANG_WARN_UNGUARDED_AVAILABILITY = YES_AGGRESSIVE;
				CODE_SIGN_IDENTITY = "iPhone Developer";
				CODE_SIGN_STYLE = Automatic;
				DEVELOPMENT_TEAM = 96558JVW34;
				GCC_DYNAMIC_NO_PIC = NO;
				INFOPLIST_FILE = deferredTestTests/Info.plist;
				LD_RUNPATH_SEARCH_PATHS = "$(inherited) @executable_path/Frameworks @loader_path/Frameworks";
				PRODUCT_BUNDLE_IDENTIFIER = com.tffenterprises.deferredTestTests;
				PRODUCT_NAME = "$(TARGET_NAME)";
				SDKROOT = iphoneos;
				TARGETED_DEVICE_FAMILY = "1,2";
				TEST_HOST = "$(BUILT_PRODUCTS_DIR)/deferredTest.app/deferredTest";
			};
			name = Debug;
		};
		03B7769A20CAECFC00F4B44B /* Release */ = {
			isa = XCBuildConfiguration;
			buildSettings = {
				ALWAYS_EMBED_SWIFT_STANDARD_LIBRARIES = YES;
				BUNDLE_LOADER = "$(TEST_HOST)";
				CLANG_ANALYZER_NONNULL = YES;
				CLANG_ANALYZER_NUMBER_OBJECT_CONVERSION = YES_AGGRESSIVE;
				CLANG_ENABLE_OBJC_WEAK = YES;
				CLANG_WARN_DOCUMENTATION_COMMENTS = YES;
				CLANG_WARN_UNGUARDED_AVAILABILITY = YES_AGGRESSIVE;
				CODE_SIGN_IDENTITY = "iPhone Developer";
				CODE_SIGN_STYLE = Automatic;
				DEVELOPMENT_TEAM = 96558JVW34;
				INFOPLIST_FILE = deferredTestTests/Info.plist;
				LD_RUNPATH_SEARCH_PATHS = "$(inherited) @executable_path/Frameworks @loader_path/Frameworks";
				PRODUCT_BUNDLE_IDENTIFIER = com.tffenterprises.deferredTestTests;
				PRODUCT_NAME = "$(TARGET_NAME)";
				SDKROOT = iphoneos;
				TARGETED_DEVICE_FAMILY = "1,2";
				TEST_HOST = "$(BUILT_PRODUCTS_DIR)/deferredTest.app/deferredTest";
				VALIDATE_PRODUCT = YES;
			};
			name = Release;
		};
		03E60E401AAA571200F4B44B /* Debug */ = {
			isa = XCBuildConfiguration;
			buildSettings = {
				ALWAYS_SEARCH_USER_PATHS = NO;
				CLANG_ANALYZER_LOCALIZABILITY_NONLOCALIZED = YES;
				CLANG_ENABLE_MODULES = YES;
				CLANG_ENABLE_OBJC_ARC = YES;
				CLANG_WARN_BLOCK_CAPTURE_AUTORELEASING = YES;
				CLANG_WARN_BOOL_CONVERSION = YES;
				CLANG_WARN_COMMA = YES;
				CLANG_WARN_CONSTANT_CONVERSION = YES;
				CLANG_WARN_DEPRECATED_OBJC_IMPLEMENTATIONS = YES;
				CLANG_WARN_DIRECT_OBJC_ISA_USAGE = YES_ERROR;
				CLANG_WARN_EMPTY_BODY = YES;
				CLANG_WARN_ENUM_CONVERSION = YES;
				CLANG_WARN_INFINITE_RECURSION = YES;
				CLANG_WARN_INT_CONVERSION = YES;
				CLANG_WARN_NON_LITERAL_NULL_CONVERSION = YES;
				CLANG_WARN_OBJC_IMPLICIT_RETAIN_SELF = YES;
				CLANG_WARN_OBJC_LITERAL_CONVERSION = YES;
				CLANG_WARN_OBJC_ROOT_CLASS = YES_ERROR;
				CLANG_WARN_RANGE_LOOP_ANALYSIS = YES;
				CLANG_WARN_STRICT_PROTOTYPES = YES;
				CLANG_WARN_SUSPICIOUS_MOVE = YES;
				CLANG_WARN_UNREACHABLE_CODE = YES;
				CLANG_WARN__DUPLICATE_METHOD_MATCH = YES;
				COPY_PHASE_STRIP = NO;
				CURRENT_PROJECT_VERSION = 1;
				DEBUG_INFORMATION_FORMAT = dwarf;
				ENABLE_STRICT_OBJC_MSGSEND = YES;
				ENABLE_TESTABILITY = YES;
				GCC_NO_COMMON_BLOCKS = YES;
				GCC_OPTIMIZATION_LEVEL = 0;
				GCC_PREPROCESSOR_DEFINITIONS = (
					"DEBUG=1",
					"$(inherited)",
				);
				GCC_SYMBOLS_PRIVATE_EXTERN = NO;
				GCC_WARN_64_TO_32_BIT_CONVERSION = YES;
				GCC_WARN_ABOUT_RETURN_TYPE = YES_ERROR;
				GCC_WARN_UNDECLARED_SELECTOR = YES;
				GCC_WARN_UNINITIALIZED_AUTOS = YES_AGGRESSIVE;
				GCC_WARN_UNUSED_FUNCTION = YES;
				GCC_WARN_UNUSED_VARIABLE = YES;
				IPHONEOS_DEPLOYMENT_TARGET = 8.0;
				MACOSX_DEPLOYMENT_TARGET = 10.10;
				ONLY_ACTIVE_ARCH = YES;
				SWIFT_ENFORCE_EXCLUSIVE_ACCESS = on;
				SWIFT_OPTIMIZATION_LEVEL = "-Onone";
				SWIFT_SWIFT3_OBJC_INFERENCE = Off;
				SWIFT_VERSION = 4.2;
				TVOS_DEPLOYMENT_TARGET = 9.0;
				VERSIONING_SYSTEM = "apple-generic";
				VERSION_INFO_PREFIX = "";
				WATCHOS_DEPLOYMENT_TARGET = 2.0;
			};
			name = Debug;
		};
		03E60E411AAA571200F4B44B /* Release */ = {
			isa = XCBuildConfiguration;
			buildSettings = {
				ALWAYS_SEARCH_USER_PATHS = NO;
				CLANG_ANALYZER_LOCALIZABILITY_NONLOCALIZED = YES;
				CLANG_ENABLE_MODULES = YES;
				CLANG_ENABLE_OBJC_ARC = YES;
				CLANG_WARN_BLOCK_CAPTURE_AUTORELEASING = YES;
				CLANG_WARN_BOOL_CONVERSION = YES;
				CLANG_WARN_COMMA = YES;
				CLANG_WARN_CONSTANT_CONVERSION = YES;
				CLANG_WARN_DEPRECATED_OBJC_IMPLEMENTATIONS = YES;
				CLANG_WARN_DIRECT_OBJC_ISA_USAGE = YES_ERROR;
				CLANG_WARN_EMPTY_BODY = YES;
				CLANG_WARN_ENUM_CONVERSION = YES;
				CLANG_WARN_INFINITE_RECURSION = YES;
				CLANG_WARN_INT_CONVERSION = YES;
				CLANG_WARN_NON_LITERAL_NULL_CONVERSION = YES;
				CLANG_WARN_OBJC_IMPLICIT_RETAIN_SELF = YES;
				CLANG_WARN_OBJC_LITERAL_CONVERSION = YES;
				CLANG_WARN_OBJC_ROOT_CLASS = YES_ERROR;
				CLANG_WARN_RANGE_LOOP_ANALYSIS = YES;
				CLANG_WARN_STRICT_PROTOTYPES = YES;
				CLANG_WARN_SUSPICIOUS_MOVE = YES;
				CLANG_WARN_UNREACHABLE_CODE = YES;
				CLANG_WARN__DUPLICATE_METHOD_MATCH = YES;
				COPY_PHASE_STRIP = NO;
				CURRENT_PROJECT_VERSION = 1;
				DEBUG_INFORMATION_FORMAT = "dwarf-with-dsym";
				ENABLE_NS_ASSERTIONS = NO;
				ENABLE_STRICT_OBJC_MSGSEND = YES;
				ENABLE_TESTABILITY = YES;
				GCC_NO_COMMON_BLOCKS = YES;
				GCC_WARN_64_TO_32_BIT_CONVERSION = YES;
				GCC_WARN_ABOUT_RETURN_TYPE = YES_ERROR;
				GCC_WARN_UNDECLARED_SELECTOR = YES;
				GCC_WARN_UNINITIALIZED_AUTOS = YES_AGGRESSIVE;
				GCC_WARN_UNUSED_FUNCTION = YES;
				GCC_WARN_UNUSED_VARIABLE = YES;
				IPHONEOS_DEPLOYMENT_TARGET = 8.0;
				MACOSX_DEPLOYMENT_TARGET = 10.10;
				SWIFT_COMPILATION_MODE = wholemodule;
				SWIFT_ENFORCE_EXCLUSIVE_ACCESS = on;
				SWIFT_SWIFT3_OBJC_INFERENCE = Off;
				SWIFT_VERSION = 4.2;
				TVOS_DEPLOYMENT_TARGET = 9.0;
				VERSIONING_SYSTEM = "apple-generic";
				VERSION_INFO_PREFIX = "";
				WATCHOS_DEPLOYMENT_TARGET = 2.0;
			};
			name = Release;
		};
/* End XCBuildConfiguration section */

/* Begin XCConfigurationList section */
		03B4E07E1C14003C00F4B44B /* Build configuration list for PBXNativeTarget "deferred" */ = {
			isa = XCConfigurationList;
			buildConfigurations = (
				03B4E07F1C14003C00F4B44B /* Debug */,
				03B4E0801C14003C00F4B44B /* Release */,
			);
			defaultConfigurationIsVisible = 0;
			defaultConfigurationName = Release;
		};
		03B4E0811C14003C00F4B44B /* Build configuration list for PBXNativeTarget "deferredTests" */ = {
			isa = XCConfigurationList;
			buildConfigurations = (
				03B4E0821C14003C00F4B44B /* Debug */,
				03B4E0831C14003C00F4B44B /* Release */,
			);
			defaultConfigurationIsVisible = 0;
			defaultConfigurationName = Release;
		};
		03B7769520CAECFC00F4B44B /* Build configuration list for PBXNativeTarget "deferredTest" */ = {
			isa = XCConfigurationList;
			buildConfigurations = (
				03B7769620CAECFC00F4B44B /* Debug */,
				03B7769720CAECFC00F4B44B /* Release */,
			);
			defaultConfigurationIsVisible = 0;
			defaultConfigurationName = Release;
		};
		03B7769820CAECFC00F4B44B /* Build configuration list for PBXNativeTarget "deferredTestTests" */ = {
			isa = XCConfigurationList;
			buildConfigurations = (
				03B7769920CAECFC00F4B44B /* Debug */,
				03B7769A20CAECFC00F4B44B /* Release */,
			);
			defaultConfigurationIsVisible = 0;
			defaultConfigurationName = Release;
		};
		03E60E261AAA571100F4B44B /* Build configuration list for PBXProject "deferred" */ = {
			isa = XCConfigurationList;
			buildConfigurations = (
				03E60E401AAA571200F4B44B /* Debug */,
				03E60E411AAA571200F4B44B /* Release */,
			);
			defaultConfigurationIsVisible = 0;
			defaultConfigurationName = Release;
		};
/* End XCConfigurationList section */
	};
	rootObject = 03E60E231AAA571100F4B44B /* Project object */;
}
